
Microsoft Visual Studio Solution File, Format Version 11.00
# Visual Studio 2010
Project("{FAE04EC0-301F-11D3-BF4B-00C04F79EFBC}") = "WindowsGame2", "WindowsGame2\WindowsGame2\WindowsGame2.csproj", "{CE025077-24A3-4E04-9C2A-4E6CF8B2A7BA}"
EndProject
Project("{FAE04EC0-301F-11D3-BF4B-00C04F79EFBC}") = "WindowsGame2Content", "WindowsGame2\WindowsGame2Content\WindowsGame2Content.contentproj", "{67472D94-A136-4CB3-8110-7C7ADCF4C7AC}"
EndProject
Project("{FAE04EC0-301F-11D3-BF4B-00C04F79EFBC}") = "Xbox 360 Copy of WindowsGame2", "WindowsGame2\WindowsGame2\Xbox 360 Copy of WindowsGame2.csproj", "{FE5B9B16-E45F-4F83-BCF4-D3F310904DBF}"
EndProject
Global
	GlobalSection(SolutionConfigurationPlatforms) = preSolution
		Debug|Mixed Platforms = Debug|Mixed Platforms
		Debug|x86 = Debug|x86
		Debug|Xbox 360 = Debug|Xbox 360
		Release|Mixed Platforms = Release|Mixed Platforms
		Release|x86 = Release|x86
		Release|Xbox 360 = Release|Xbox 360
	EndGlobalSection
	GlobalSection(ProjectConfigurationPlatforms) = postSolution
		{CE025077-24A3-4E04-9C2A-4E6CF8B2A7BA}.Debug|Mixed Platforms.ActiveCfg = Debug|x86
		{CE025077-24A3-4E04-9C2A-4E6CF8B2A7BA}.Debug|Mixed Platforms.Build.0 = Debug|x86
		{CE025077-24A3-4E04-9C2A-4E6CF8B2A7BA}.Debug|x86.ActiveCfg = Debug|x86
		{CE025077-24A3-4E04-9C2A-4E6CF8B2A7BA}.Debug|x86.Build.0 = Debug|x86
		{CE025077-24A3-4E04-9C2A-4E6CF8B2A7BA}.Debug|Xbox 360.ActiveCfg = Debug|x86
		{CE025077-24A3-4E04-9C2A-4E6CF8B2A7BA}.Debug|Xbox 360.Build.0 = Debug|x86
		{CE025077-24A3-4E04-9C2A-4E6CF8B2A7BA}.Release|Mixed Platforms.ActiveCfg = Release|x86
		{CE025077-24A3-4E04-9C2A-4E6CF8B2A7BA}.Release|Mixed Platforms.Build.0 = Release|x86
		{CE025077-24A3-4E04-9C2A-4E6CF8B2A7BA}.Release|x86.ActiveCfg = Release|x86
		{CE025077-24A3-4E04-9C2A-4E6CF8B2A7BA}.Release|x86.Build.0 = Release|x86
		{CE025077-24A3-4E04-9C2A-4E6CF8B2A7BA}.Release|Xbox 360.ActiveCfg = Release|x86
		{CE025077-24A3-4E04-9C2A-4E6CF8B2A7BA}.Release|Xbox 360.Build.0 = Release|x86
		{67472D94-A136-4CB3-8110-7C7ADCF4C7AC}.Debug|Mixed Platforms.ActiveCfg = Debug|x86
		{67472D94-A136-4CB3-8110-7C7ADCF4C7AC}.Debug|x86.ActiveCfg = Debug|x86
		{67472D94-A136-4CB3-8110-7C7ADCF4C7AC}.Debug|Xbox 360.ActiveCfg = Debug|x86
		{67472D94-A136-4CB3-8110-7C7ADCF4C7AC}.Release|Mixed Platforms.ActiveCfg = Release|x86
		{67472D94-A136-4CB3-8110-7C7ADCF4C7AC}.Release|x86.ActiveCfg = Release|x86
		{67472D94-A136-4CB3-8110-7C7ADCF4C7AC}.Release|Xbox 360.ActiveCfg = Release|x86
		{FE5B9B16-E45F-4F83-BCF4-D3F310904DBF}.Debug|Mixed Platforms.ActiveCfg = Debug|Xbox 360
		{FE5B9B16-E45F-4F83-BCF4-D3F310904DBF}.Debug|Mixed Platforms.Build.0 = Debug|Xbox 360
		{FE5B9B16-E45F-4F83-BCF4-D3F310904DBF}.Debug|Mixed Platforms.Deploy.0 = Debug|Xbox 360
		{FE5B9B16-E45F-4F83-BCF4-D3F310904DBF}.Debug|x86.ActiveCfg = Debug|Xbox 360
		{FE5B9B16-E45F-4F83-BCF4-D3F310904DBF}.Debug|x86.Build.0 = Debug|Xbox 360
		{FE5B9B16-E45F-4F83-BCF4-D3F310904DBF}.Debug|Xbox 360.ActiveCfg = Debug|Xbox 360
		{FE5B9B16-E45F-4F83-BCF4-D3F310904DBF}.Debug|Xbox 360.Build.0 = Debug|Xbox 360
		{FE5B9B16-E45F-4F83-BCF4-D3F310904DBF}.Debug|Xbox 360.Deploy.0 = Debug|Xbox 360
		{FE5B9B16-E45F-4F83-BCF4-D3F310904DBF}.Release|Mixed Platforms.ActiveCfg = Release|Xbox 360
		{FE5B9B16-E45F-4F83-BCF4-D3F310904DBF}.Release|Mixed Platforms.Build.0 = Release|Xbox 360
		{FE5B9B16-E45F-4F83-BCF4-D3F310904DBF}.Release|Mixed Platforms.Deploy.0 = Release|Xbox 360
		{FE5B9B16-E45F-4F83-BCF4-D3F310904DBF}.Release|x86.ActiveCfg = Release|Xbox 360
		{FE5B9B16-E45F-4F83-BCF4-D3F310904DBF}.Release|x86.Build.0 = Release|Xbox 360
		{FE5B9B16-E45F-4F83-BCF4-D3F310904DBF}.Release|Xbox 360.ActiveCfg = Release|Xbox 360
		{FE5B9B16-E45F-4F83-BCF4-D3F310904DBF}.Release|Xbox 360.Build.0 = Release|Xbox 360
		{FE5B9B16-E45F-4F83-BCF4-D3F310904DBF}.Release|Xbox 360.Deploy.0 = Release|Xbox 360
	EndGlobalSection
	GlobalSection(SolutionProperties) = preSolution
		HideSolutionNode = FALSE
	EndGlobalSection
EndGlobal
